// !$*UTF8*$!
{
	archiveVersion = 1;
	classes = {
	};
	objectVersion = 48;
	objects = {

/* Begin PBXBuildFile section */
		433023722165BD6A003000DE /* AppDelegate.swift in Sources */ = {isa = PBXBuildFile; fileRef = 433023712165BD6A003000DE /* AppDelegate.swift */; };
		433023742165BD6A003000DE /* ViewController.swift in Sources */ = {isa = PBXBuildFile; fileRef = 433023732165BD6A003000DE /* ViewController.swift */; };
		433023772165BD6A003000DE /* Main.storyboard in Resources */ = {isa = PBXBuildFile; fileRef = 433023752165BD6A003000DE /* Main.storyboard */; };
		433023792165BD6A003000DE /* Assets.xcassets in Resources */ = {isa = PBXBuildFile; fileRef = 433023782165BD6A003000DE /* Assets.xcassets */; };
		4330237C2165BD6A003000DE /* LaunchScreen.storyboard in Resources */ = {isa = PBXBuildFile; fileRef = 4330237A2165BD6A003000DE /* LaunchScreen.storyboard */; };
		433023872165BD6A003000DE /* Is_It_PrimeTests.swift in Sources */ = {isa = PBXBuildFile; fileRef = 433023862165BD6A003000DE /* Is_It_PrimeTests.swift */; };
		433023922165BD6A003000DE /* Is_It_PrimeUITests.swift in Sources */ = {isa = PBXBuildFile; fileRef = 433023912165BD6A003000DE /* Is_It_PrimeUITests.swift */; };
/* End PBXBuildFile section */

/* Begin PBXContainerItemProxy section */
		433023832165BD6A003000DE /* PBXContainerItemProxy */ = {
			isa = PBXContainerItemProxy;
			containerPortal = 433023662165BD6A003000DE /* Project object */;
			proxyType = 1;
			remoteGlobalIDString = 4330236D2165BD6A003000DE;
			remoteInfo = "Is It Prime";
		};
		4330238E2165BD6A003000DE /* PBXContainerItemProxy */ = {
			isa = PBXContainerItemProxy;
			containerPortal = 433023662165BD6A003000DE /* Project object */;
			proxyType = 1;
			remoteGlobalIDString = 4330236D2165BD6A003000DE;
			remoteInfo = "Is It Prime";
		};
/* End PBXContainerItemProxy section */

/* Begin PBXFileReference section */
		4330236E2165BD6A003000DE /* Is It Prime.app */ = {isa = PBXFileReference; explicitFileType = wrapper.application; includeInIndex = 0; path = "Is It Prime.app"; sourceTree = BUILT_PRODUCTS_DIR; };
		433023712165BD6A003000DE /* AppDelegate.swift */ = {isa = PBXFileReference; lastKnownFileType = sourcecode.swift; path = AppDelegate.swift; sourceTree = "<group>"; };
		433023732165BD6A003000DE /* ViewController.swift */ = {isa = PBXFileReference; lastKnownFileType = sourcecode.swift; path = ViewController.swift; sourceTree = "<group>"; };
		433023762165BD6A003000DE /* Base */ = {isa = PBXFileReference; lastKnownFileType = file.storyboard; name = Base; path = Base.lproj/Main.storyboard; sourceTree = "<group>"; };
		433023782165BD6A003000DE /* Assets.xcassets */ = {isa = PBXFileReference; lastKnownFileType = folder.assetcatalog; path = Assets.xcassets; sourceTree = "<group>"; };
		4330237B2165BD6A003000DE /* Base */ = {isa = PBXFileReference; lastKnownFileType = file.storyboard; name = Base; path = Base.lproj/LaunchScreen.storyboard; sourceTree = "<group>"; };
		4330237D2165BD6A003000DE /* Info.plist */ = {isa = PBXFileReference; lastKnownFileType = text.plist.xml; path = Info.plist; sourceTree = "<group>"; };
		433023822165BD6A003000DE /* Is It PrimeTests.xctest */ = {isa = PBXFileReference; explicitFileType = wrapper.cfbundle; includeInIndex = 0; path = "Is It PrimeTests.xctest"; sourceTree = BUILT_PRODUCTS_DIR; };
		433023862165BD6A003000DE /* Is_It_PrimeTests.swift */ = {isa = PBXFileReference; lastKnownFileType = sourcecode.swift; path = Is_It_PrimeTests.swift; sourceTree = "<group>"; };
		433023882165BD6A003000DE /* Info.plist */ = {isa = PBXFileReference; lastKnownFileType = text.plist.xml; path = Info.plist; sourceTree = "<group>"; };
		4330238D2165BD6A003000DE /* Is It PrimeUITests.xctest */ = {isa = PBXFileReference; explicitFileType = wrapper.cfbundle; includeInIndex = 0; path = "Is It PrimeUITests.xctest"; sourceTree = BUILT_PRODUCTS_DIR; };
		433023912165BD6A003000DE /* Is_It_PrimeUITests.swift */ = {isa = PBXFileReference; lastKnownFileType = sourcecode.swift; path = Is_It_PrimeUITests.swift; sourceTree = "<group>"; };
		433023932165BD6A003000DE /* Info.plist */ = {isa = PBXFileReference; lastKnownFileType = text.plist.xml; path = Info.plist; sourceTree = "<group>"; };
/* End PBXFileReference section */

/* Begin PBXFrameworksBuildPhase section */
		4330236B2165BD6A003000DE /* Frameworks */ = {
			isa = PBXFrameworksBuildPhase;
			buildActionMask = 2147483647;
			files = (
			);
			runOnlyForDeploymentPostprocessing = 0;
		};
		4330237F2165BD6A003000DE /* Frameworks */ = {
			isa = PBXFrameworksBuildPhase;
			buildActionMask = 2147483647;
			files = (
			);
			runOnlyForDeploymentPostprocessing = 0;
		};
		4330238A2165BD6A003000DE /* Frameworks */ = {
			isa = PBXFrameworksBuildPhase;
			buildActionMask = 2147483647;
			files = (
			);
			runOnlyForDeploymentPostprocessing = 0;
		};
/* End PBXFrameworksBuildPhase section */

/* Begin PBXGroup section */
		433023652165BD6A003000DE = {
			isa = PBXGroup;
			children = (
				433023702165BD6A003000DE /* Is It Prime */,
				433023852165BD6A003000DE /* Is It PrimeTests */,
				433023902165BD6A003000DE /* Is It PrimeUITests */,
				4330236F2165BD6A003000DE /* Products */,
			);
			sourceTree = "<group>";
		};
		4330236F2165BD6A003000DE /* Products */ = {
			isa = PBXGroup;
			children = (
				4330236E2165BD6A003000DE /* Is It Prime.app */,
				433023822165BD6A003000DE /* Is It PrimeTests.xctest */,
				4330238D2165BD6A003000DE /* Is It PrimeUITests.xctest */,
			);
			name = Products;
			sourceTree = "<group>";
		};
		433023702165BD6A003000DE /* Is It Prime */ = {
			isa = PBXGroup;
			children = (
				433023712165BD6A003000DE /* AppDelegate.swift */,
				433023732165BD6A003000DE /* ViewController.swift */,
				433023752165BD6A003000DE /* Main.storyboard */,
				433023782165BD6A003000DE /* Assets.xcassets */,
				4330237A2165BD6A003000DE /* LaunchScreen.storyboard */,
				4330237D2165BD6A003000DE /* Info.plist */,
			);
			path = "Is It Prime";
			sourceTree = "<group>";
		};
		433023852165BD6A003000DE /* Is It PrimeTests */ = {
			isa = PBXGroup;
			children = (
				433023862165BD6A003000DE /* Is_It_PrimeTests.swift */,
				433023882165BD6A003000DE /* Info.plist */,
			);
			path = "Is It PrimeTests";
			sourceTree = "<group>";
		};
		433023902165BD6A003000DE /* Is It PrimeUITests */ = {
			isa = PBXGroup;
			children = (
				433023912165BD6A003000DE /* Is_It_PrimeUITests.swift */,
				433023932165BD6A003000DE /* Info.plist */,
			);
			path = "Is It PrimeUITests";
			sourceTree = "<group>";
		};
/* End PBXGroup section */

/* Begin PBXNativeTarget section */
		4330236D2165BD6A003000DE /* Is It Prime */ = {
			isa = PBXNativeTarget;
			buildConfigurationList = 433023962165BD6A003000DE /* Build configuration list for PBXNativeTarget "Is It Prime" */;
			buildPhases = (
				4330236A2165BD6A003000DE /* Sources */,
				4330236B2165BD6A003000DE /* Frameworks */,
				4330236C2165BD6A003000DE /* Resources */,
			);
			buildRules = (
			);
			dependencies = (
			);
			name = "Is It Prime";
			productName = "Is It Prime";
			productReference = 4330236E2165BD6A003000DE /* Is It Prime.app */;
			productType = "com.apple.product-type.application";
		};
		433023812165BD6A003000DE /* Is It PrimeTests */ = {
			isa = PBXNativeTarget;
			buildConfigurationList = 433023992165BD6A003000DE /* Build configuration list for PBXNativeTarget "Is It PrimeTests" */;
			buildPhases = (
				4330237E2165BD6A003000DE /* Sources */,
				4330237F2165BD6A003000DE /* Frameworks */,
				433023802165BD6A003000DE /* Resources */,
			);
			buildRules = (
			);
			dependencies = (
				433023842165BD6A003000DE /* PBXTargetDependency */,
			);
			name = "Is It PrimeTests";
			productName = "Is It PrimeTests";
			productReference = 433023822165BD6A003000DE /* Is It PrimeTests.xctest */;
			productType = "com.apple.product-type.bundle.unit-test";
		};
		4330238C2165BD6A003000DE /* Is It PrimeUITests */ = {
			isa = PBXNativeTarget;
			buildConfigurationList = 4330239C2165BD6A003000DE /* Build configuration list for PBXNativeTarget "Is It PrimeUITests" */;
			buildPhases = (
				433023892165BD6A003000DE /* Sources */,
				4330238A2165BD6A003000DE /* Frameworks */,
				4330238B2165BD6A003000DE /* Resources */,
			);
			buildRules = (
			);
			dependencies = (
				4330238F2165BD6A003000DE /* PBXTargetDependency */,
			);
			name = "Is It PrimeUITests";
			productName = "Is It PrimeUITests";
			productReference = 4330238D2165BD6A003000DE /* Is It PrimeUITests.xctest */;
			productType = "com.apple.product-type.bundle.ui-testing";
		};
/* End PBXNativeTarget section */

/* Begin PBXProject section */
		433023662165BD6A003000DE /* Project object */ = {
			isa = PBXProject;
			attributes = {
				LastSwiftUpdateCheck = 0920;
				LastUpgradeCheck = 0920;
				ORGANIZATIONNAME = Innovaze;
				TargetAttributes = {
					4330236D2165BD6A003000DE = {
						CreatedOnToolsVersion = 9.2;
						ProvisioningStyle = Automatic;
					};
					433023812165BD6A003000DE = {
						CreatedOnToolsVersion = 9.2;
						ProvisioningStyle = Automatic;
						TestTargetID = 4330236D2165BD6A003000DE;
					};
					4330238C2165BD6A003000DE = {
						CreatedOnToolsVersion = 9.2;
						ProvisioningStyle = Automatic;
						TestTargetID = 4330236D2165BD6A003000DE;
					};
				};
			};
			buildConfigurationList = 433023692165BD6A003000DE /* Build configuration list for PBXProject "Is It Prime" */;
			compatibilityVersion = "Xcode 8.0";
			developmentRegion = en;
			hasScannedForEncodings = 0;
			knownRegions = (
				en,
				Base,
			);
			mainGroup = 433023652165BD6A003000DE;
			productRefGroup = 4330236F2165BD6A003000DE /* Products */;
			projectDirPath = "";
			projectRoot = "";
			targets = (
				4330236D2165BD6A003000DE /* Is It Prime */,
				433023812165BD6A003000DE /* Is It PrimeTests */,
				4330238C2165BD6A003000DE /* Is It PrimeUITests */,
			);
		};
/* End PBXProject section */

/* Begin PBXResourcesBuildPhase section */
		4330236C2165BD6A003000DE /* Resources */ = {
			isa = PBXResourcesBuildPhase;
			buildActionMask = 2147483647;
			files = (
				4330237C2165BD6A003000DE /* LaunchScreen.storyboard in Resources */,
				433023792165BD6A003000DE /* Assets.xcassets in Resources */,
				433023772165BD6A003000DE /* Main.storyboard in Resources */,
			);
			runOnlyForDeploymentPostprocessing = 0;
		};
		433023802165BD6A003000DE /* Resources */ = {
			isa = PBXResourcesBuildPhase;
			buildActionMask = 2147483647;
			files = (
			);
			runOnlyForDeploymentPostprocessing = 0;
		};
		4330238B2165BD6A003000DE /* Resources */ = {
			isa = PBXResourcesBuildPhase;
			buildActionMask = 2147483647;
			files = (
			);
			runOnlyForDeploymentPostprocessing = 0;
		};
/* End PBXResourcesBuildPhase section */

/* Begin PBXSourcesBuildPhase section */
		4330236A2165BD6A003000DE /* Sources */ = {
			isa = PBXSourcesBuildPhase;
			buildActionMask = 2147483647;
			files = (
				433023742165BD6A003000DE /* ViewController.swift in Sources */,
				433023722165BD6A003000DE /* AppDelegate.swift in Sources */,
			);
			runOnlyForDeploymentPostprocessing = 0;
		};
		4330237E2165BD6A003000DE /* Sources */ = {
			isa = PBXSourcesBuildPhase;
			buildActionMask = 2147483647;
			files = (
				433023872165BD6A003000DE /* Is_It_PrimeTests.swift in Sources */,
			);
			runOnlyForDeploymentPostprocessing = 0;
		};
		433023892165BD6A003000DE /* Sources */ = {
			isa = PBXSourcesBuildPhase;
			buildActionMask = 2147483647;
			files = (
				433023922165BD6A003000DE /* Is_It_PrimeUITests.swift in Sources */,
			);
			runOnlyForDeploymentPostprocessing = 0;
		};
/* End PBXSourcesBuildPhase section */

/* Begin PBXTargetDependency section */
		433023842165BD6A003000DE /* PBXTargetDependency */ = {
			isa = PBXTargetDependency;
			target = 4330236D2165BD6A003000DE /* Is It Prime */;
			targetProxy = 433023832165BD6A003000DE /* PBXContainerItemProxy */;
		};
		4330238F2165BD6A003000DE /* PBXTargetDependency */ = {
			isa = PBXTargetDependency;
			target = 4330236D2165BD6A003000DE /* Is It Prime */;
			targetProxy = 4330238E2165BD6A003000DE /* PBXContainerItemProxy */;
		};
/* End PBXTargetDependency section */

/* Begin PBXVariantGroup section */
		433023752165BD6A003000DE /* Main.storyboard */ = {
			isa = PBXVariantGroup;
			children = (
				433023762165BD6A003000DE /* Base */,
			);
			name = Main.storyboard;
			sourceTree = "<group>";
		};
		4330237A2165BD6A003000DE /* LaunchScreen.storyboard */ = {
			isa = PBXVariantGroup;
			children = (
				4330237B2165BD6A003000DE /* Base */,
			);
			name = LaunchScreen.storyboard;
			sourceTree = "<group>";
		};
/* End PBXVariantGroup section */

/* Begin XCBuildConfiguration section */
		433023942165BD6A003000DE /* Debug */ = {
			isa = XCBuildConfiguration;
			buildSettings = {
				ALWAYS_SEARCH_USER_PATHS = NO;
				CLANG_ANALYZER_NONNULL = YES;
				CLANG_ANALYZER_NUMBER_OBJECT_CONVERSION = YES_AGGRESSIVE;
				CLANG_CXX_LANGUAGE_STANDARD = "gnu++14";
				CLANG_CXX_LIBRARY = "libc++";
				CLANG_ENABLE_MODULES = YES;
				CLANG_ENABLE_OBJC_ARC = YES;
				CLANG_WARN_BLOCK_CAPTURE_AUTORELEASING = YES;
				CLANG_WARN_BOOL_CONVERSION = YES;
				CLANG_WARN_COMMA = YES;
				CLANG_WARN_CONSTANT_CONVERSION = YES;
				CLANG_WARN_DIRECT_OBJC_ISA_USAGE = YES_ERROR;
				CLANG_WARN_DOCUMENTATION_COMMENTS = YES;
				CLANG_WARN_EMPTY_BODY = YES;
				CLANG_WARN_ENUM_CONVERSION = YES;
				CLANG_WARN_INFINITE_RECURSION = YES;
				CLANG_WARN_INT_CONVERSION = YES;
				CLANG_WARN_NON_LITERAL_NULL_CONVERSION = YES;
				CLANG_WARN_OBJC_LITERAL_CONVERSION = YES;
				CLANG_WARN_OBJC_ROOT_CLASS = YES_ERROR;
				CLANG_WARN_RANGE_LOOP_ANALYSIS = YES;
				CLANG_WARN_STRICT_PROTOTYPES = YES;
				CLANG_WARN_SUSPICIOUS_MOVE = YES;
				CLANG_WARN_UNGUARDED_AVAILABILITY = YES_AGGRESSIVE;
				CLANG_WARN_UNREACHABLE_CODE = YES;
				CLANG_WARN__DUPLICATE_METHOD_MATCH = YES;
				CODE_SIGN_IDENTITY = "iPhone Developer";
				COPY_PHASE_STRIP = NO;
				DEBUG_INFORMATION_FORMAT = dwarf;
				ENABLE_STRICT_OBJC_MSGSEND = YES;
				ENABLE_TESTABILITY = YES;
				GCC_C_LANGUAGE_STANDARD = gnu11;
				GCC_DYNAMIC_NO_PIC = NO;
				GCC_NO_COMMON_BLOCKS = YES;
				GCC_OPTIMIZATION_LEVEL = 0;
				GCC_PREPROCESSOR_DEFINITIONS = (
					"DEBUG=1",
					"$(inherited)",
				);
				GCC_WARN_64_TO_32_BIT_CONVERSION = YES;
				GCC_WARN_ABOUT_RETURN_TYPE = YES_ERROR;
				GCC_WARN_UNDECLARED_SELECTOR = YES;
				GCC_WARN_UNINITIALIZED_AUTOS = YES_AGGRESSIVE;
				GCC_WARN_UNUSED_FUNCTION = YES;
				GCC_WARN_UNUSED_VARIABLE = YES;
				IPHONEOS_DEPLOYMENT_TARGET = 11.2;
				MTL_ENABLE_DEBUG_INFO = YES;
				ONLY_ACTIVE_ARCH = YES;
				SDKROOT = iphoneos;
				SWIFT_ACTIVE_COMPILATION_CONDITIONS = DEBUG;
				SWIFT_OPTIMIZATION_LEVEL = "-Onone";
			};
			name = Debug;
		};
		433023952165BD6A003000DE /* Release */ = {
			isa = XCBuildConfiguration;
			buildSettings = {
				ALWAYS_SEARCH_USER_PATHS = NO;
				CLANG_ANALYZER_NONNULL = YES;
				CLANG_ANALYZER_NUMBER_OBJECT_CONVERSION = YES_AGGRESSIVE;
				CLANG_CXX_LANGUAGE_STANDARD = "gnu++14";
				CLANG_CXX_LIBRARY = "libc++";
				CLANG_ENABLE_MODULES = YES;
				CLANG_ENABLE_OBJC_ARC = YES;
				CLANG_WARN_BLOCK_CAPTURE_AUTORELEASING = YES;
				CLANG_WARN_BOOL_CONVERSION = YES;
				CLANG_WARN_COMMA = YES;
				CLANG_WARN_CONSTANT_CONVERSION = YES;
				CLANG_WARN_DIRECT_OBJC_ISA_USAGE = YES_ERROR;
				CLANG_WARN_DOCUMENTATION_COMMENTS = YES;
				CLANG_WARN_EMPTY_BODY = YES;
				CLANG_WARN_ENUM_CONVERSION = YES;
				CLANG_WARN_INFINITE_RECURSION = YES;
				CLANG_WARN_INT_CONVERSION = YES;
				CLANG_WARN_NON_LITERAL_NULL_CONVERSION = YES;
				CLANG_WARN_OBJC_LITERAL_CONVERSION = YES;
				CLANG_WARN_OBJC_ROOT_CLASS = YES_ERROR;
				CLANG_WARN_RANGE_LOOP_ANALYSIS = YES;
				CLANG_WARN_STRICT_PROTOTYPES = YES;
				CLANG_WARN_SUSPICIOUS_MOVE = YES;
				CLANG_WARN_UNGUARDED_AVAILABILITY = YES_AGGRESSIVE;
				CLANG_WARN_UNREACHABLE_CODE = YES;
				CLANG_WARN__DUPLICATE_METHOD_MATCH = YES;
				CODE_SIGN_IDENTITY = "iPhone Developer";
				COPY_PHASE_STRIP = NO;
				DEBUG_INFORMATION_FORMAT = "dwarf-with-dsym";
				ENABLE_NS_ASSERTIONS = NO;
				ENABLE_STRICT_OBJC_MSGSEND = YES;
				GCC_C_LANGUAGE_STANDARD = gnu11;
				GCC_NO_COMMON_BLOCKS = YES;
				GCC_WARN_64_TO_32_BIT_CONVERSION = YES;
				GCC_WARN_ABOUT_RETURN_TYPE = YES_ERROR;
				GCC_WARN_UNDECLARED_SELECTOR = YES;
				GCC_WARN_UNINITIALIZED_AUTOS = YES_AGGRESSIVE;
				GCC_WARN_UNUSED_FUNCTION = YES;
				GCC_WARN_UNUSED_VARIABLE = YES;
				IPHONEOS_DEPLOYMENT_TARGET = 11.2;
				MTL_ENABLE_DEBUG_INFO = NO;
				SDKROOT = iphoneos;
				SWIFT_OPTIMIZATION_LEVEL = "-Owholemodule";
				VALIDATE_PRODUCT = YES;
			};
			name = Release;
		};
		433023972165BD6A003000DE /* Debug */ = {
			isa = XCBuildConfiguration;
			buildSettings = {
				ASSETCATALOG_COMPILER_APPICON_NAME = AppIcon;
				CODE_SIGN_STYLE = Automatic;
				DEVELOPMENT_TEAM = M48LHZN4H4;
				INFOPLIST_FILE = "Is It Prime/Info.plist";
				LD_RUNPATH_SEARCH_PATHS = "$(inherited) @executable_path/Frameworks";
				PRODUCT_BUNDLE_IDENTIFIER = "com.innovaze.Is-It-Prime";
				PRODUCT_NAME = "$(TARGET_NAME)";
				SWIFT_VERSION = 4.0;
				TARGETED_DEVICE_FAMILY = "1,2";
			};
			name = Debug;
		};
		433023982165BD6A003000DE /* Release */ = {
			isa = XCBuildConfiguration;
			buildSettings = {
				ASSETCATALOG_COMPILER_APPICON_NAME = AppIcon;
				CODE_SIGN_STYLE = Automatic;
				DEVELOPMENT_TEAM = M48LHZN4H4;
				INFOPLIST_FILE = "Is It Prime/Info.plist";
				LD_RUNPATH_SEARCH_PATHS = "$(inherited) @executable_path/Frameworks";
				PRODUCT_BUNDLE_IDENTIFIER = "com.innovaze.Is-It-Prime";
				PRODUCT_NAME = "$(TARGET_NAME)";
				SWIFT_VERSION = 4.0;
				TARGETED_DEVICE_FAMILY = "1,2";
			};
			name = Release;
		};
		4330239A2165BD6A003000DE /* Debug */ = {
			isa = XCBuildConfiguration;
			buildSettings = {
				ALWAYS_EMBED_SWIFT_STANDARD_LIBRARIES = YES;
				BUNDLE_LOADER = "$(TEST_HOST)";
				CODE_SIGN_STYLE = Automatic;
				DEVELOPMENT_TEAM = M48LHZN4H4;
				INFOPLIST_FILE = "Is It PrimeTests/Info.plist";
				LD_RUNPATH_SEARCH_PATHS = "$(inherited) @executable_path/Frameworks @loader_path/Frameworks";
				PRODUCT_BUNDLE_IDENTIFIER = "com.innovaze.Is-It-PrimeTests";
				PRODUCT_NAME = "$(TARGET_NAME)";
				SWIFT_VERSION = 4.0;
				TARGETED_DEVICE_FAMILY = "1,2";
				TEST_HOST = "$(BUILT_PRODUCTS_DIR)/Is It Prime.app/Is It Prime";
			};
			name = Debug;
		};
		4330239B2165BD6A003000DE /* Release */ = {
			isa = XCBuildConfiguration;
			buildSettings = {
				ALWAYS_EMBED_SWIFT_STANDARD_LIBRARIES = YES;
				BUNDLE_LOADER = "$(TEST_HOST)";
				CODE_SIGN_STYLE = Automatic;
				DEVELOPMENT_TEAM = M48LHZN4H4;
				INFOPLIST_FILE = "Is It PrimeTests/Info.plist";
				LD_RUNPATH_SEARCH_PATHS = "$(inherited) @executable_path/Frameworks @loader_path/Frameworks";
				PRODUCT_BUNDLE_IDENTIFIER = "com.innovaze.Is-It-PrimeTests";
				PRODUCT_NAME = "$(TARGET_NAME)";
				SWIFT_VERSION = 4.0;
				TARGETED_DEVICE_FAMILY = "1,2";
				TEST_HOST = "$(BUILT_PRODUCTS_DIR)/Is It Prime.app/Is It Prime";
			};
			name = Release;
		};
		4330239D2165BD6A003000DE /* Debug */ = {
			isa = XCBuildConfiguration;
			buildSettings = {
				ALWAYS_EMBED_SWIFT_STANDARD_LIBRARIES = YES;
				CODE_SIGN_STYLE = Automatic;
				DEVELOPMENT_TEAM = M48LHZN4H4;
				INFOPLIST_FILE = "Is It PrimeUITests/Info.plist";
				LD_RUNPATH_SEARCH_PATHS = "$(inherited) @executable_path/Frameworks @loader_path/Frameworks";
				PRODUCT_BUNDLE_IDENTIFIER = "com.innovaze.Is-It-PrimeUITests";
				PRODUCT_NAME = "$(TARGET_NAME)";
				SWIFT_VERSION = 4.0;
				TARGETED_DEVICE_FAMILY = "1,2";
				TEST_TARGET_NAME = "Is It Prime";
			};
			name = Debug;
		};
		4330239E2165BD6A003000DE /* Release */ = {
			isa = XCBuildConfiguration;
			buildSettings = {
				ALWAYS_EMBED_SWIFT_STANDARD_LIBRARIES = YES;
				CODE_SIGN_STYLE = Automatic;
				DEVELOPMENT_TEAM = M48LHZN4H4;
				INFOPLIST_FILE = "Is It PrimeUITests/Info.plist";
				LD_RUNPATH_SEARCH_PATHS = "$(inherited) @executable_path/Frameworks @loader_path/Frameworks";
				PRODUCT_BUNDLE_IDENTIFIER = "com.innovaze.Is-It-PrimeUITests";
				PRODUCT_NAME = "$(TARGET_NAME)";
				SWIFT_VERSION = 4.0;
				TARGETED_DEVICE_FAMILY = "1,2";
				TEST_TARGET_NAME = "Is It Prime";
			};
			name = Release;
		};
/* End XCBuildConfiguration section */

/* Begin XCConfigurationList section */
		433023692165BD6A003000DE /* Build configuration list for PBXProject "Is It Prime" */ = {
			isa = XCConfigurationList;
			buildConfigurations = (
				433023942165BD6A003000DE /* Debug */,
				433023952165BD6A003000DE /* Release */,
			);
			defaultConfigurationIsVisible = 0;
			defaultConfigurationName = Release;
		};
		433023962165BD6A003000DE /* Build configuration list for PBXNativeTarget "Is It Prime" */ = {
			isa = XCConfigurationList;
			buildConfigurations = (
				433023972165BD6A003000DE /* Debug */,
				433023982165BD6A003000DE /* Release */,
			);
			defaultConfigurationIsVisible = 0;
			defaultConfigurationName = Release;
		};
		433023992165BD6A003000DE /* Build configuration list for PBXNativeTarget "Is It PrimeTests" */ = {
			isa = XCConfigurationList;
			buildConfigurations = (
				4330239A2165BD6A003000DE /* Debug */,
				4330239B2165BD6A003000DE /* Release */,
			);
			defaultConfigurationIsVisible = 0;
			defaultConfigurationName = Release;
		};
		4330239C2165BD6A003000DE /* Build configuration list for PBXNativeTarget "Is It PrimeUITests" */ = {
			isa = XCConfigurationList;
			buildConfigurations = (
				4330239D2165BD6A003000DE /* Debug */,
				4330239E2165BD6A003000DE /* Release */,
			);
			defaultConfigurationIsVisible = 0;
			defaultConfigurationName = Release;
		};
/* End XCConfigurationList section */
	};
	rootObject = 433023662165BD6A003000DE /* Project object */;
}
